
Microsoft Visual Studio Solution File, Format Version 12.00
# Visual Studio Version 17
VisualStudioVersion = 17.9.34902.65
MinimumVisualStudioVersion = 10.0.40219.1
Project("{FAE04EC0-301F-11D3-BF4B-00C04F79EFBC}") = "EcommereceApp", "EcommereceApp\EcommereceApp.csproj", "{AAACD28C-DE79-488F-A3FF-D376B0586384}"
EndProject
Global
	GlobalSection(SolutionConfigurationPlatforms) = preSolution
		Debug|Any CPU = Debug|Any CPU
		Release|Any CPU = Release|Any CPU
	EndGlobalSection
	GlobalSection(ProjectConfigurationPlatforms) = postSolution
		{AAACD28C-DE79-488F-A3FF-D376B0586384}.Debug|Any CPU.ActiveCfg = Debug|Any CPU
		{AAACD28C-DE79-488F-A3FF-D376B0586384}.Debug|Any CPU.Build.0 = Debug|Any CPU
		{AAACD28C-DE79-488F-A3FF-D376B0586384}.Release|Any CPU.ActiveCfg = Release|Any CPU
		{AAACD28C-DE79-488F-A3FF-D376B0586384}.Release|Any CPU.Build.0 = Release|Any CPU
	EndGlobalSection
	GlobalSection(SolutionProperties) = preSolution
		HideSolutionNode = FALSE
	EndGlobalSection
	GlobalSection(ExtensibilityGlobals) = postSolution
		SolutionGuid = {B9D883ED-74E0-49E9-8735-BED17780878C}
	EndGlobalSection
EndGlobal
